
Microsoft Visual Studio Solution File, Format Version 12.00
# Visual Studio Version 17
VisualStudioVersion = 17.9.34607.119
MinimumVisualStudioVersion = 10.0.40219.1
Project("{2150E333-8FDC-42A3-9474-1A3956D46DE8}") = "src", "src", "{F64C18AD-C337-4CA0-B7A3-FE777355AE06}"
EndProject
Project("{2150E333-8FDC-42A3-9474-1A3956D46DE8}") = "Presentation", "Presentation", "{FA32584E-D02C-467D-8F89-2E9D36366D4B}"
EndProject
Project("{2150E333-8FDC-42A3-9474-1A3956D46DE8}") = "Infrastructure", "Infrastructure", "{CCDF2C45-7F24-42A9-A3C3-FEA85E005304}"
EndProject
Project("{2150E333-8FDC-42A3-9474-1A3956D46DE8}") = "Core", "Core", "{F4E1000F-1CD8-4FAF-AAC4-AD5BCF898B8E}"
EndProject
Project("{2150E333-8FDC-42A3-9474-1A3956D46DE8}") = "Application", "Application", "{080DD125-C1F2-4204-8751-81FEBE868608}"
EndProject
Project("{2150E333-8FDC-42A3-9474-1A3956D46DE8}") = "Domain", "Domain", "{75A3A9EC-7C29-4BB9-AAE7-5A41CAFB85E8}"
EndProject
Project("{9A19103F-16F7-4668-BE54-9A1E7A4F7556}") = "OnlineJudgeAdmin.Infrastructure.Database", "src\Infrastructure\OnlineJudgeAdmin.Infrastructure.Database\OnlineJudgeAdmin.Infrastructure.Database.csproj", "{E65A0D13-B96A-461E-9D3E-7DE040E587CB}"
EndProject
Project("{9A19103F-16F7-4668-BE54-9A1E7A4F7556}") = "OnlineJudgeAdmin.Core.Application.Services", "src\Core\Application\Services\OnlineJudgeAdmin.Core.Application.Services.csproj", "{D4686907-6D9F-41B0-A23F-C0DE36087EFD}"
EndProject
Project("{9A19103F-16F7-4668-BE54-9A1E7A4F7556}") = "OnlineJudgeAdmin.Core.Application.Validators", "src\Core\Application\Validators\OnlineJudgeAdmin.Core.Application.Validators.csproj", "{7AFDA7B2-EAD2-48F7-B041-DD1145D25EAA}"
EndProject
Project("{9A19103F-16F7-4668-BE54-9A1E7A4F7556}") = "OnlineJudgeAdmin.Core.Domain.Abstractions", "src\Core\Domain\Abstractions\OnlineJudgeAdmin.Core.Domain.Abstractions.csproj", "{C9FF1B19-0042-46F4-B288-B8F32D783FE2}"
EndProject
Project("{9A19103F-16F7-4668-BE54-9A1E7A4F7556}") = "OnlineJudgeAdmin.Core.Domain.Models", "src\Core\Domain\Models\OnlineJudgeAdmin.Core.Domain.Models.csproj", "{E7D62417-5E7C-439B-A332-C9EC36CAB75D}"
EndProject
Project("{9A19103F-16F7-4668-BE54-9A1E7A4F7556}") = "OnlineJudgeAdminApi", "src\Presentation\OnlineJudgeAdminApi\OnlineJudgeAdminApi.csproj", "{EB241C8C-98C8-427B-96FB-754180870E8C}"
EndProject
Global
	GlobalSection(SolutionConfigurationPlatforms) = preSolution
		Debug|Any CPU = Debug|Any CPU
		Release|Any CPU = Release|Any CPU
	EndGlobalSection
	GlobalSection(ProjectConfigurationPlatforms) = postSolution
		{E65A0D13-B96A-461E-9D3E-7DE040E587CB}.Debug|Any CPU.ActiveCfg = Debug|Any CPU
		{E65A0D13-B96A-461E-9D3E-7DE040E587CB}.Debug|Any CPU.Build.0 = Debug|Any CPU
		{E65A0D13-B96A-461E-9D3E-7DE040E587CB}.Release|Any CPU.ActiveCfg = Release|Any CPU
		{E65A0D13-B96A-461E-9D3E-7DE040E587CB}.Release|Any CPU.Build.0 = Release|Any CPU
		{D4686907-6D9F-41B0-A23F-C0DE36087EFD}.Debug|Any CPU.ActiveCfg = Debug|Any CPU
		{D4686907-6D9F-41B0-A23F-C0DE36087EFD}.Debug|Any CPU.Build.0 = Debug|Any CPU
		{D4686907-6D9F-41B0-A23F-C0DE36087EFD}.Release|Any CPU.ActiveCfg = Release|Any CPU
		{D4686907-6D9F-41B0-A23F-C0DE36087EFD}.Release|Any CPU.Build.0 = Release|Any CPU
		{7AFDA7B2-EAD2-48F7-B041-DD1145D25EAA}.Debug|Any CPU.ActiveCfg = Debug|Any CPU
		{7AFDA7B2-EAD2-48F7-B041-DD1145D25EAA}.Debug|Any CPU.Build.0 = Debug|Any CPU
		{7AFDA7B2-EAD2-48F7-B041-DD1145D25EAA}.Release|Any CPU.ActiveCfg = Release|Any CPU
		{7AFDA7B2-EAD2-48F7-B041-DD1145D25EAA}.Release|Any CPU.Build.0 = Release|Any CPU
		{C9FF1B19-0042-46F4-B288-B8F32D783FE2}.Debug|Any CPU.ActiveCfg = Debug|Any CPU
		{C9FF1B19-0042-46F4-B288-B8F32D783FE2}.Debug|Any CPU.Build.0 = Debug|Any CPU
		{C9FF1B19-0042-46F4-B288-B8F32D783FE2}.Release|Any CPU.ActiveCfg = Release|Any CPU
		{C9FF1B19-0042-46F4-B288-B8F32D783FE2}.Release|Any CPU.Build.0 = Release|Any CPU
		{E7D62417-5E7C-439B-A332-C9EC36CAB75D}.Debug|Any CPU.ActiveCfg = Debug|Any CPU
		{E7D62417-5E7C-439B-A332-C9EC36CAB75D}.Debug|Any CPU.Build.0 = Debug|Any CPU
		{E7D62417-5E7C-439B-A332-C9EC36CAB75D}.Release|Any CPU.ActiveCfg = Release|Any CPU
		{E7D62417-5E7C-439B-A332-C9EC36CAB75D}.Release|Any CPU.Build.0 = Release|Any CPU
		{EB241C8C-98C8-427B-96FB-754180870E8C}.Debug|Any CPU.ActiveCfg = Debug|Any CPU
		{EB241C8C-98C8-427B-96FB-754180870E8C}.Debug|Any CPU.Build.0 = Debug|Any CPU
		{EB241C8C-98C8-427B-96FB-754180870E8C}.Release|Any CPU.ActiveCfg = Release|Any CPU
		{EB241C8C-98C8-427B-96FB-754180870E8C}.Release|Any CPU.Build.0 = Release|Any CPU
	EndGlobalSection
	GlobalSection(SolutionProperties) = preSolution
		HideSolutionNode = FALSE
	EndGlobalSection
	GlobalSection(NestedProjects) = preSolution
		{FA32584E-D02C-467D-8F89-2E9D36366D4B} = {F64C18AD-C337-4CA0-B7A3-FE777355AE06}
		{CCDF2C45-7F24-42A9-A3C3-FEA85E005304} = {F64C18AD-C337-4CA0-B7A3-FE777355AE06}
		{F4E1000F-1CD8-4FAF-AAC4-AD5BCF898B8E} = {F64C18AD-C337-4CA0-B7A3-FE777355AE06}
		{080DD125-C1F2-4204-8751-81FEBE868608} = {F4E1000F-1CD8-4FAF-AAC4-AD5BCF898B8E}
		{75A3A9EC-7C29-4BB9-AAE7-5A41CAFB85E8} = {F4E1000F-1CD8-4FAF-AAC4-AD5BCF898B8E}
		{E65A0D13-B96A-461E-9D3E-7DE040E587CB} = {CCDF2C45-7F24-42A9-A3C3-FEA85E005304}
		{D4686907-6D9F-41B0-A23F-C0DE36087EFD} = {080DD125-C1F2-4204-8751-81FEBE868608}
		{7AFDA7B2-EAD2-48F7-B041-DD1145D25EAA} = {080DD125-C1F2-4204-8751-81FEBE868608}
		{C9FF1B19-0042-46F4-B288-B8F32D783FE2} = {75A3A9EC-7C29-4BB9-AAE7-5A41CAFB85E8}
		{E7D62417-5E7C-439B-A332-C9EC36CAB75D} = {75A3A9EC-7C29-4BB9-AAE7-5A41CAFB85E8}
		{EB241C8C-98C8-427B-96FB-754180870E8C} = {FA32584E-D02C-467D-8F89-2E9D36366D4B}
	EndGlobalSection
	GlobalSection(ExtensibilityGlobals) = postSolution
		SolutionGuid = {D7E67434-2FF5-4A78-809E-3F449009C4A6}
	EndGlobalSection
EndGlobal
