
Microsoft Visual Studio Solution File, Format Version 12.00
# Visual Studio Version 17
VisualStudioVersion = 17.9.34607.119
MinimumVisualStudioVersion = 10.0.40219.1
Project("{2150E333-8FDC-42A3-9474-1A3956D46DE8}") = "OnlineJudge", "OnlineJudge", "{75F51052-BF82-4576-85F2-AFEE868B80DB}"
EndProject
Project("{2150E333-8FDC-42A3-9474-1A3956D46DE8}") = "src", "src", "{431B3251-D60B-41AA-8E75-A05382130223}"
EndProject
Project("{2150E333-8FDC-42A3-9474-1A3956D46DE8}") = "Infrastructure", "Infrastructure", "{5DE54F53-90E6-4C9A-92BA-F168CCFC8F2E}"
EndProject
Project("{FAE04EC0-301F-11D3-BF4B-00C04F79EFBC}") = "OnlineJudgeAdmin.Infrastructure.Database", "OnlineJudge\src\Infrastructure\OnlineJudgeAdmin.Infrastructure.Database\OnlineJudgeAdmin.Infrastructure.Database.csproj", "{F63F728C-CCA7-4ACF-9E32-01C84D2D38A6}"
EndProject
Project("{FAE04EC0-301F-11D3-BF4B-00C04F79EFBC}") = "OnlineJudgeAdmin.Infrastructure.FileSystemLocalManager", "OnlineJudge\src\Infrastructure\OnlineJudgeAdmin.Infrastructure.FileSystemLocalManager\OnlineJudgeAdmin.Infrastructure.FileSystemLocalManager.csproj", "{8850D366-479B-4E48-86A5-7884ACA2544C}"
EndProject
Project("{FAE04EC0-301F-11D3-BF4B-00C04F79EFBC}") = "OnlineJudgeAdmin.Infrastructure.AwsS3", "OnlineJudge\src\Infrastructure\OnlineJudgeAdmin.Infrastructure.AwsS3\OnlineJudgeAdmin.Infrastructure.AwsS3.csproj", "{2A33B148-397D-4FA4-B700-6921400AD41E}"
EndProject
Project("{2150E333-8FDC-42A3-9474-1A3956D46DE8}") = "Presentation", "Presentation", "{28589E67-C72D-416E-86E3-D70314626D13}"
EndProject
Project("{FAE04EC0-301F-11D3-BF4B-00C04F79EFBC}") = "OnlineJudgeAdminApi", "OnlineJudge\src\Presentation\OnlineJudgeAdminApi\OnlineJudgeAdminApi.csproj", "{E5881EFC-89A6-4827-B854-C961D01B3C41}"
EndProject
Project("{FAE04EC0-301F-11D3-BF4B-00C04F79EFBC}") = "OnlineJudgeAdmin.BocaImporter", "OnlineJudge\src\Presentation\OnlineJudgeAdmin.BocaImporter\OnlineJudgeAdmin.BocaImporter.csproj", "{D690758A-6E76-4869-9383-886678A356BD}"
EndProject
Project("{2150E333-8FDC-42A3-9474-1A3956D46DE8}") = "Core", "Core", "{010C14C4-67C1-468E-ABD6-2C64A08D3B02}"
EndProject
Project("{2150E333-8FDC-42A3-9474-1A3956D46DE8}") = "Application", "Application", "{7EE45CB5-D5C6-4361-ADDC-0AB3993B8ED5}"
EndProject
Project("{FAE04EC0-301F-11D3-BF4B-00C04F79EFBC}") = "OnlineJudgeAdmin.Core.Application.Validators", "OnlineJudge\src\Core\Application\Validators\OnlineJudgeAdmin.Core.Application.Validators.csproj", "{3C2D3A89-AC4B-499D-BD5E-BA703FE7235E}"
EndProject
Project("{FAE04EC0-301F-11D3-BF4B-00C04F79EFBC}") = "OnlineJudgeAdmin.Core.Application.Services", "OnlineJudge\src\Core\Application\Services\OnlineJudgeAdmin.Core.Application.Services.csproj", "{58B016DF-08BD-4D77-923F-130636326301}"
EndProject
Project("{2150E333-8FDC-42A3-9474-1A3956D46DE8}") = "Domain", "Domain", "{61ABA9A2-FC60-4828-A863-D2F3CAD0C140}"
EndProject
Project("{FAE04EC0-301F-11D3-BF4B-00C04F79EFBC}") = "OnlineJudgeAdmin.Core.Domain.Models", "OnlineJudge\src\Core\Domain\Models\OnlineJudgeAdmin.Core.Domain.Models.csproj", "{9B0F39BB-8DB7-45F7-B70B-C487B0F8D2F8}"
EndProject
Project("{FAE04EC0-301F-11D3-BF4B-00C04F79EFBC}") = "OnlineJudgeAdmin.Core.Domain.Abstractions", "OnlineJudge\src\Core\Domain\Abstractions\OnlineJudgeAdmin.Core.Domain.Abstractions.csproj", "{D2E71A39-EDF9-4F42-99E1-8384F4B7A0C5}"
EndProject
Project("{FAE04EC0-301F-11D3-BF4B-00C04F79EFBC}") = "OnlineJudgeAdmin.Core.Application.Services.Tests", "OnlineJudge\Tests\Core\Application\Services\OnlineJudgeAdmin.Core.Application.Services.Tests.csproj", "{0B5DA83E-768F-4C12-A77B-6F6B6FD355BC}"
EndProject
Project("{FAE04EC0-301F-11D3-BF4B-00C04F79EFBC}") = "OnlineJudgeAdmin.Infrastructure.IdeIntegration", "OnlineJudge\src\Infrastructure\OnlineJudgeAdmin.Infrastructure.IdeIntegration\OnlineJudgeAdmin.Infrastructure.IdeIntegration.csproj", "{D38A8D7D-672F-4214-898A-2101B8FE7739}"
EndProject
Global
	GlobalSection(SolutionConfigurationPlatforms) = preSolution
		Debug|Any CPU = Debug|Any CPU
		Debug|x64 = Debug|x64
		Debug|x86 = Debug|x86
		Release|Any CPU = Release|Any CPU
		Release|x64 = Release|x64
		Release|x86 = Release|x86
	EndGlobalSection
	GlobalSection(ProjectConfigurationPlatforms) = postSolution
		{F63F728C-CCA7-4ACF-9E32-01C84D2D38A6}.Debug|Any CPU.ActiveCfg = Debug|Any CPU
		{F63F728C-CCA7-4ACF-9E32-01C84D2D38A6}.Debug|Any CPU.Build.0 = Debug|Any CPU
		{F63F728C-CCA7-4ACF-9E32-01C84D2D38A6}.Debug|x64.ActiveCfg = Debug|Any CPU
		{F63F728C-CCA7-4ACF-9E32-01C84D2D38A6}.Debug|x64.Build.0 = Debug|Any CPU
		{F63F728C-CCA7-4ACF-9E32-01C84D2D38A6}.Debug|x86.ActiveCfg = Debug|Any CPU
		{F63F728C-CCA7-4ACF-9E32-01C84D2D38A6}.Debug|x86.Build.0 = Debug|Any CPU
		{F63F728C-CCA7-4ACF-9E32-01C84D2D38A6}.Release|Any CPU.ActiveCfg = Release|Any CPU
		{F63F728C-CCA7-4ACF-9E32-01C84D2D38A6}.Release|Any CPU.Build.0 = Release|Any CPU
		{F63F728C-CCA7-4ACF-9E32-01C84D2D38A6}.Release|x64.ActiveCfg = Release|Any CPU
		{F63F728C-CCA7-4ACF-9E32-01C84D2D38A6}.Release|x64.Build.0 = Release|Any CPU
		{F63F728C-CCA7-4ACF-9E32-01C84D2D38A6}.Release|x86.ActiveCfg = Release|Any CPU
		{F63F728C-CCA7-4ACF-9E32-01C84D2D38A6}.Release|x86.Build.0 = Release|Any CPU
		{8850D366-479B-4E48-86A5-7884ACA2544C}.Debug|Any CPU.ActiveCfg = Debug|Any CPU
		{8850D366-479B-4E48-86A5-7884ACA2544C}.Debug|Any CPU.Build.0 = Debug|Any CPU
		{8850D366-479B-4E48-86A5-7884ACA2544C}.Debug|x64.ActiveCfg = Debug|Any CPU
		{8850D366-479B-4E48-86A5-7884ACA2544C}.Debug|x64.Build.0 = Debug|Any CPU
		{8850D366-479B-4E48-86A5-7884ACA2544C}.Debug|x86.ActiveCfg = Debug|Any CPU
		{8850D366-479B-4E48-86A5-7884ACA2544C}.Debug|x86.Build.0 = Debug|Any CPU
		{8850D366-479B-4E48-86A5-7884ACA2544C}.Release|Any CPU.ActiveCfg = Release|Any CPU
		{8850D366-479B-4E48-86A5-7884ACA2544C}.Release|Any CPU.Build.0 = Release|Any CPU
		{8850D366-479B-4E48-86A5-7884ACA2544C}.Release|x64.ActiveCfg = Release|Any CPU
		{8850D366-479B-4E48-86A5-7884ACA2544C}.Release|x64.Build.0 = Release|Any CPU
		{8850D366-479B-4E48-86A5-7884ACA2544C}.Release|x86.ActiveCfg = Release|Any CPU
		{8850D366-479B-4E48-86A5-7884ACA2544C}.Release|x86.Build.0 = Release|Any CPU
		{2A33B148-397D-4FA4-B700-6921400AD41E}.Debug|Any CPU.ActiveCfg = Debug|Any CPU
		{2A33B148-397D-4FA4-B700-6921400AD41E}.Debug|Any CPU.Build.0 = Debug|Any CPU
		{2A33B148-397D-4FA4-B700-6921400AD41E}.Debug|x64.ActiveCfg = Debug|Any CPU
		{2A33B148-397D-4FA4-B700-6921400AD41E}.Debug|x64.Build.0 = Debug|Any CPU
		{2A33B148-397D-4FA4-B700-6921400AD41E}.Debug|x86.ActiveCfg = Debug|Any CPU
		{2A33B148-397D-4FA4-B700-6921400AD41E}.Debug|x86.Build.0 = Debug|Any CPU
		{2A33B148-397D-4FA4-B700-6921400AD41E}.Release|Any CPU.ActiveCfg = Release|Any CPU
		{2A33B148-397D-4FA4-B700-6921400AD41E}.Release|Any CPU.Build.0 = Release|Any CPU
		{2A33B148-397D-4FA4-B700-6921400AD41E}.Release|x64.ActiveCfg = Release|Any CPU
		{2A33B148-397D-4FA4-B700-6921400AD41E}.Release|x64.Build.0 = Release|Any CPU
		{2A33B148-397D-4FA4-B700-6921400AD41E}.Release|x86.ActiveCfg = Release|Any CPU
		{2A33B148-397D-4FA4-B700-6921400AD41E}.Release|x86.Build.0 = Release|Any CPU
		{E5881EFC-89A6-4827-B854-C961D01B3C41}.Debug|Any CPU.ActiveCfg = Debug|Any CPU
		{E5881EFC-89A6-4827-B854-C961D01B3C41}.Debug|Any CPU.Build.0 = Debug|Any CPU
		{E5881EFC-89A6-4827-B854-C961D01B3C41}.Debug|x64.ActiveCfg = Debug|Any CPU
		{E5881EFC-89A6-4827-B854-C961D01B3C41}.Debug|x64.Build.0 = Debug|Any CPU
		{E5881EFC-89A6-4827-B854-C961D01B3C41}.Debug|x86.ActiveCfg = Debug|Any CPU
		{E5881EFC-89A6-4827-B854-C961D01B3C41}.Debug|x86.Build.0 = Debug|Any CPU
		{E5881EFC-89A6-4827-B854-C961D01B3C41}.Release|Any CPU.ActiveCfg = Release|Any CPU
		{E5881EFC-89A6-4827-B854-C961D01B3C41}.Release|Any CPU.Build.0 = Release|Any CPU
		{E5881EFC-89A6-4827-B854-C961D01B3C41}.Release|x64.ActiveCfg = Release|Any CPU
		{E5881EFC-89A6-4827-B854-C961D01B3C41}.Release|x64.Build.0 = Release|Any CPU
		{E5881EFC-89A6-4827-B854-C961D01B3C41}.Release|x86.ActiveCfg = Release|Any CPU
		{E5881EFC-89A6-4827-B854-C961D01B3C41}.Release|x86.Build.0 = Release|Any CPU
		{D690758A-6E76-4869-9383-886678A356BD}.Debug|Any CPU.ActiveCfg = Debug|Any CPU
		{D690758A-6E76-4869-9383-886678A356BD}.Debug|Any CPU.Build.0 = Debug|Any CPU
		{D690758A-6E76-4869-9383-886678A356BD}.Debug|x64.ActiveCfg = Debug|Any CPU
		{D690758A-6E76-4869-9383-886678A356BD}.Debug|x64.Build.0 = Debug|Any CPU
		{D690758A-6E76-4869-9383-886678A356BD}.Debug|x86.ActiveCfg = Debug|Any CPU
		{D690758A-6E76-4869-9383-886678A356BD}.Debug|x86.Build.0 = Debug|Any CPU
		{D690758A-6E76-4869-9383-886678A356BD}.Release|Any CPU.ActiveCfg = Release|Any CPU
		{D690758A-6E76-4869-9383-886678A356BD}.Release|Any CPU.Build.0 = Release|Any CPU
		{D690758A-6E76-4869-9383-886678A356BD}.Release|x64.ActiveCfg = Release|Any CPU
		{D690758A-6E76-4869-9383-886678A356BD}.Release|x64.Build.0 = Release|Any CPU
		{D690758A-6E76-4869-9383-886678A356BD}.Release|x86.ActiveCfg = Release|Any CPU
		{D690758A-6E76-4869-9383-886678A356BD}.Release|x86.Build.0 = Release|Any CPU
		{3C2D3A89-AC4B-499D-BD5E-BA703FE7235E}.Debug|Any CPU.ActiveCfg = Debug|Any CPU
		{3C2D3A89-AC4B-499D-BD5E-BA703FE7235E}.Debug|Any CPU.Build.0 = Debug|Any CPU
		{3C2D3A89-AC4B-499D-BD5E-BA703FE7235E}.Debug|x64.ActiveCfg = Debug|Any CPU
		{3C2D3A89-AC4B-499D-BD5E-BA703FE7235E}.Debug|x64.Build.0 = Debug|Any CPU
		{3C2D3A89-AC4B-499D-BD5E-BA703FE7235E}.Debug|x86.ActiveCfg = Debug|Any CPU
		{3C2D3A89-AC4B-499D-BD5E-BA703FE7235E}.Debug|x86.Build.0 = Debug|Any CPU
		{3C2D3A89-AC4B-499D-BD5E-BA703FE7235E}.Release|Any CPU.ActiveCfg = Release|Any CPU
		{3C2D3A89-AC4B-499D-BD5E-BA703FE7235E}.Release|Any CPU.Build.0 = Release|Any CPU
		{3C2D3A89-AC4B-499D-BD5E-BA703FE7235E}.Release|x64.ActiveCfg = Release|Any CPU
		{3C2D3A89-AC4B-499D-BD5E-BA703FE7235E}.Release|x64.Build.0 = Release|Any CPU
		{3C2D3A89-AC4B-499D-BD5E-BA703FE7235E}.Release|x86.ActiveCfg = Release|Any CPU
		{3C2D3A89-AC4B-499D-BD5E-BA703FE7235E}.Release|x86.Build.0 = Release|Any CPU
		{58B016DF-08BD-4D77-923F-130636326301}.Debug|Any CPU.ActiveCfg = Debug|Any CPU
		{58B016DF-08BD-4D77-923F-130636326301}.Debug|Any CPU.Build.0 = Debug|Any CPU
		{58B016DF-08BD-4D77-923F-130636326301}.Debug|x64.ActiveCfg = Debug|Any CPU
		{58B016DF-08BD-4D77-923F-130636326301}.Debug|x64.Build.0 = Debug|Any CPU
		{58B016DF-08BD-4D77-923F-130636326301}.Debug|x86.ActiveCfg = Debug|Any CPU
		{58B016DF-08BD-4D77-923F-130636326301}.Debug|x86.Build.0 = Debug|Any CPU
		{58B016DF-08BD-4D77-923F-130636326301}.Release|Any CPU.ActiveCfg = Release|Any CPU
		{58B016DF-08BD-4D77-923F-130636326301}.Release|Any CPU.Build.0 = Release|Any CPU
		{58B016DF-08BD-4D77-923F-130636326301}.Release|x64.ActiveCfg = Release|Any CPU
		{58B016DF-08BD-4D77-923F-130636326301}.Release|x64.Build.0 = Release|Any CPU
		{58B016DF-08BD-4D77-923F-130636326301}.Release|x86.ActiveCfg = Release|Any CPU
		{58B016DF-08BD-4D77-923F-130636326301}.Release|x86.Build.0 = Release|Any CPU
		{9B0F39BB-8DB7-45F7-B70B-C487B0F8D2F8}.Debug|Any CPU.ActiveCfg = Debug|Any CPU
		{9B0F39BB-8DB7-45F7-B70B-C487B0F8D2F8}.Debug|Any CPU.Build.0 = Debug|Any CPU
		{9B0F39BB-8DB7-45F7-B70B-C487B0F8D2F8}.Debug|x64.ActiveCfg = Debug|Any CPU
		{9B0F39BB-8DB7-45F7-B70B-C487B0F8D2F8}.Debug|x64.Build.0 = Debug|Any CPU
		{9B0F39BB-8DB7-45F7-B70B-C487B0F8D2F8}.Debug|x86.ActiveCfg = Debug|Any CPU
		{9B0F39BB-8DB7-45F7-B70B-C487B0F8D2F8}.Debug|x86.Build.0 = Debug|Any CPU
		{9B0F39BB-8DB7-45F7-B70B-C487B0F8D2F8}.Release|Any CPU.ActiveCfg = Release|Any CPU
		{9B0F39BB-8DB7-45F7-B70B-C487B0F8D2F8}.Release|Any CPU.Build.0 = Release|Any CPU
		{9B0F39BB-8DB7-45F7-B70B-C487B0F8D2F8}.Release|x64.ActiveCfg = Release|Any CPU
		{9B0F39BB-8DB7-45F7-B70B-C487B0F8D2F8}.Release|x64.Build.0 = Release|Any CPU
		{9B0F39BB-8DB7-45F7-B70B-C487B0F8D2F8}.Release|x86.ActiveCfg = Release|Any CPU
		{9B0F39BB-8DB7-45F7-B70B-C487B0F8D2F8}.Release|x86.Build.0 = Release|Any CPU
		{D2E71A39-EDF9-4F42-99E1-8384F4B7A0C5}.Debug|Any CPU.ActiveCfg = Debug|Any CPU
		{D2E71A39-EDF9-4F42-99E1-8384F4B7A0C5}.Debug|Any CPU.Build.0 = Debug|Any CPU
		{D2E71A39-EDF9-4F42-99E1-8384F4B7A0C5}.Debug|x64.ActiveCfg = Debug|Any CPU
		{D2E71A39-EDF9-4F42-99E1-8384F4B7A0C5}.Debug|x64.Build.0 = Debug|Any CPU
		{D2E71A39-EDF9-4F42-99E1-8384F4B7A0C5}.Debug|x86.ActiveCfg = Debug|Any CPU
		{D2E71A39-EDF9-4F42-99E1-8384F4B7A0C5}.Debug|x86.Build.0 = Debug|Any CPU
		{D2E71A39-EDF9-4F42-99E1-8384F4B7A0C5}.Release|Any CPU.ActiveCfg = Release|Any CPU
		{D2E71A39-EDF9-4F42-99E1-8384F4B7A0C5}.Release|Any CPU.Build.0 = Release|Any CPU
		{D2E71A39-EDF9-4F42-99E1-8384F4B7A0C5}.Release|x64.ActiveCfg = Release|Any CPU
		{D2E71A39-EDF9-4F42-99E1-8384F4B7A0C5}.Release|x64.Build.0 = Release|Any CPU
		{D2E71A39-EDF9-4F42-99E1-8384F4B7A0C5}.Release|x86.ActiveCfg = Release|Any CPU
		{D2E71A39-EDF9-4F42-99E1-8384F4B7A0C5}.Release|x86.Build.0 = Release|Any CPU
		{0B5DA83E-768F-4C12-A77B-6F6B6FD355BC}.Debug|Any CPU.ActiveCfg = Debug|Any CPU
		{0B5DA83E-768F-4C12-A77B-6F6B6FD355BC}.Debug|Any CPU.Build.0 = Debug|Any CPU
		{0B5DA83E-768F-4C12-A77B-6F6B6FD355BC}.Debug|x64.ActiveCfg = Debug|Any CPU
		{0B5DA83E-768F-4C12-A77B-6F6B6FD355BC}.Debug|x64.Build.0 = Debug|Any CPU
		{0B5DA83E-768F-4C12-A77B-6F6B6FD355BC}.Debug|x86.ActiveCfg = Debug|Any CPU
		{0B5DA83E-768F-4C12-A77B-6F6B6FD355BC}.Debug|x86.Build.0 = Debug|Any CPU
		{0B5DA83E-768F-4C12-A77B-6F6B6FD355BC}.Release|Any CPU.ActiveCfg = Release|Any CPU
		{0B5DA83E-768F-4C12-A77B-6F6B6FD355BC}.Release|Any CPU.Build.0 = Release|Any CPU
		{0B5DA83E-768F-4C12-A77B-6F6B6FD355BC}.Release|x64.ActiveCfg = Release|Any CPU
		{0B5DA83E-768F-4C12-A77B-6F6B6FD355BC}.Release|x64.Build.0 = Release|Any CPU
		{0B5DA83E-768F-4C12-A77B-6F6B6FD355BC}.Release|x86.ActiveCfg = Release|Any CPU
		{0B5DA83E-768F-4C12-A77B-6F6B6FD355BC}.Release|x86.Build.0 = Release|Any CPU
		{D38A8D7D-672F-4214-898A-2101B8FE7739}.Debug|Any CPU.ActiveCfg = Debug|Any CPU
		{D38A8D7D-672F-4214-898A-2101B8FE7739}.Debug|Any CPU.Build.0 = Debug|Any CPU
		{D38A8D7D-672F-4214-898A-2101B8FE7739}.Debug|x64.ActiveCfg = Debug|Any CPU
		{D38A8D7D-672F-4214-898A-2101B8FE7739}.Debug|x64.Build.0 = Debug|Any CPU
		{D38A8D7D-672F-4214-898A-2101B8FE7739}.Debug|x86.ActiveCfg = Debug|Any CPU
		{D38A8D7D-672F-4214-898A-2101B8FE7739}.Debug|x86.Build.0 = Debug|Any CPU
		{D38A8D7D-672F-4214-898A-2101B8FE7739}.Release|Any CPU.ActiveCfg = Release|Any CPU
		{D38A8D7D-672F-4214-898A-2101B8FE7739}.Release|Any CPU.Build.0 = Release|Any CPU
		{D38A8D7D-672F-4214-898A-2101B8FE7739}.Release|x64.ActiveCfg = Release|Any CPU
		{D38A8D7D-672F-4214-898A-2101B8FE7739}.Release|x64.Build.0 = Release|Any CPU
		{D38A8D7D-672F-4214-898A-2101B8FE7739}.Release|x86.ActiveCfg = Release|Any CPU
		{D38A8D7D-672F-4214-898A-2101B8FE7739}.Release|x86.Build.0 = Release|Any CPU
	EndGlobalSection
	GlobalSection(SolutionProperties) = preSolution
		HideSolutionNode = FALSE
	EndGlobalSection
	GlobalSection(NestedProjects) = preSolution
		{431B3251-D60B-41AA-8E75-A05382130223} = {75F51052-BF82-4576-85F2-AFEE868B80DB}
		{5DE54F53-90E6-4C9A-92BA-F168CCFC8F2E} = {431B3251-D60B-41AA-8E75-A05382130223}
		{F63F728C-CCA7-4ACF-9E32-01C84D2D38A6} = {5DE54F53-90E6-4C9A-92BA-F168CCFC8F2E}
		{8850D366-479B-4E48-86A5-7884ACA2544C} = {5DE54F53-90E6-4C9A-92BA-F168CCFC8F2E}
		{2A33B148-397D-4FA4-B700-6921400AD41E} = {5DE54F53-90E6-4C9A-92BA-F168CCFC8F2E}
		{28589E67-C72D-416E-86E3-D70314626D13} = {431B3251-D60B-41AA-8E75-A05382130223}
		{E5881EFC-89A6-4827-B854-C961D01B3C41} = {28589E67-C72D-416E-86E3-D70314626D13}
		{D690758A-6E76-4869-9383-886678A356BD} = {28589E67-C72D-416E-86E3-D70314626D13}
		{010C14C4-67C1-468E-ABD6-2C64A08D3B02} = {431B3251-D60B-41AA-8E75-A05382130223}
		{7EE45CB5-D5C6-4361-ADDC-0AB3993B8ED5} = {010C14C4-67C1-468E-ABD6-2C64A08D3B02}
		{3C2D3A89-AC4B-499D-BD5E-BA703FE7235E} = {7EE45CB5-D5C6-4361-ADDC-0AB3993B8ED5}
		{58B016DF-08BD-4D77-923F-130636326301} = {7EE45CB5-D5C6-4361-ADDC-0AB3993B8ED5}
		{61ABA9A2-FC60-4828-A863-D2F3CAD0C140} = {010C14C4-67C1-468E-ABD6-2C64A08D3B02}
		{9B0F39BB-8DB7-45F7-B70B-C487B0F8D2F8} = {61ABA9A2-FC60-4828-A863-D2F3CAD0C140}
		{D2E71A39-EDF9-4F42-99E1-8384F4B7A0C5} = {61ABA9A2-FC60-4828-A863-D2F3CAD0C140}
		{0B5DA83E-768F-4C12-A77B-6F6B6FD355BC} = {75F51052-BF82-4576-85F2-AFEE868B80DB}
		{D38A8D7D-672F-4214-898A-2101B8FE7739} = {5DE54F53-90E6-4C9A-92BA-F168CCFC8F2E}
	EndGlobalSection
EndGlobal
