
Microsoft Visual Studio Solution File, Format Version 12.00
# Visual Studio Version 17
VisualStudioVersion = 17.9.34607.119
MinimumVisualStudioVersion = 10.0.40219.1
Project("{2150E333-8FDC-42A3-9474-1A3956D46DE8}") = "src", "src", "{77ED9A64-20A6-4780-9853-BF48ACC1DDF1}"
EndProject
Project("{2150E333-8FDC-42A3-9474-1A3956D46DE8}") = "Core", "Core", "{B382A2DD-2A22-4E30-AF54-A39DA366EA4A}"
EndProject
Project("{2150E333-8FDC-42A3-9474-1A3956D46DE8}") = "Application", "Application", "{7BFCC270-7106-4E60-A0BB-37971FA80390}"
EndProject
Project("{FAE04EC0-301F-11D3-BF4B-00C04F79EFBC}") = "OnlineJudgeAdmin.Core.Application.Services", "src\Core\Application\Services\OnlineJudgeAdmin.Core.Application.Services.csproj", "{9BB9300C-FFBC-479D-A131-56E6D9DD6F0F}"
EndProject
Project("{FAE04EC0-301F-11D3-BF4B-00C04F79EFBC}") = "OnlineJudgeAdmin.Core.Application.Validators", "src\Core\Application\Validators\OnlineJudgeAdmin.Core.Application.Validators.csproj", "{541F6A8F-FEE6-424F-8EA5-6B1DE1115659}"
EndProject
Project("{2150E333-8FDC-42A3-9474-1A3956D46DE8}") = "Domain", "Domain", "{D22C3402-F30B-4168-B4BC-30A70A2667A4}"
EndProject
Project("{FAE04EC0-301F-11D3-BF4B-00C04F79EFBC}") = "OnlineJudgeAdmin.Core.Domain.Abstractions", "src\Core\Domain\Abstractions\OnlineJudgeAdmin.Core.Domain.Abstractions.csproj", "{80735C8D-A87B-49E3-B7C0-91F0BCA0BF6D}"
EndProject
Project("{FAE04EC0-301F-11D3-BF4B-00C04F79EFBC}") = "OnlineJudgeAdmin.Core.Domain.Models", "src\Core\Domain\Models\OnlineJudgeAdmin.Core.Domain.Models.csproj", "{1BD82395-ED1B-48D8-B066-79E46749F43A}"
EndProject
Project("{2150E333-8FDC-42A3-9474-1A3956D46DE8}") = "Infrastructure", "Infrastructure", "{E2C2FB72-4DEF-4F9E-90A8-0A36CBB2DEC7}"
EndProject
Project("{FAE04EC0-301F-11D3-BF4B-00C04F79EFBC}") = "OnlineJudgeAdmin.Infrastructure.AwsS3", "src\Infrastructure\OnlineJudgeAdmin.Infrastructure.AwsS3\OnlineJudgeAdmin.Infrastructure.AwsS3.csproj", "{B114A646-459B-46CB-904D-9B8707EFEAB2}"
EndProject
Project("{FAE04EC0-301F-11D3-BF4B-00C04F79EFBC}") = "OnlineJudgeAdmin.Infrastructure.Database", "src\Infrastructure\OnlineJudgeAdmin.Infrastructure.Database\OnlineJudgeAdmin.Infrastructure.Database.csproj", "{12F28801-3CA7-46A7-AF94-502F6623E0A0}"
EndProject
Project("{FAE04EC0-301F-11D3-BF4B-00C04F79EFBC}") = "OnlineJudgeAdmin.Infrastructure.FileSystemLocalManager", "src\Infrastructure\OnlineJudgeAdmin.Infrastructure.FileSystemLocalManager\OnlineJudgeAdmin.Infrastructure.FileSystemLocalManager.csproj", "{57BBA5F2-A380-4828-A97C-F3A794554078}"
EndProject
Project("{2150E333-8FDC-42A3-9474-1A3956D46DE8}") = "Presentation", "Presentation", "{9554C179-5575-477B-95B4-1D82E3F37940}"
EndProject
Project("{FAE04EC0-301F-11D3-BF4B-00C04F79EFBC}") = "OnlineJudgeAdminApi", "src\Presentation\OnlineJudgeAdminApi\OnlineJudgeAdminApi.csproj", "{3CDC0534-F2EE-4F1F-9894-43481E2593E7}"
EndProject
Project("{2150E333-8FDC-42A3-9474-1A3956D46DE8}") = "Tests", "Tests", "{0B5E01A0-6593-4412-9DE3-6CDDC1B6305B}"
EndProject
Project("{2150E333-8FDC-42A3-9474-1A3956D46DE8}") = "Core", "Core", "{76246D97-18A9-475B-901F-62A4C90E07F8}"
EndProject
Project("{2150E333-8FDC-42A3-9474-1A3956D46DE8}") = "Application", "Application", "{CCE774F2-94BD-4E14-BB17-E718AB12E82F}"
EndProject
Project("{FAE04EC0-301F-11D3-BF4B-00C04F79EFBC}") = "OnlineJudgeAdmin.Core.Application.Services.Tests", "Tests\Core\Application\Services\OnlineJudgeAdmin.Core.Application.Services.Tests.csproj", "{BBB11A70-6A83-443F-9D75-96FDDCD0D654}"
EndProject
Global
	GlobalSection(SolutionConfigurationPlatforms) = preSolution
		Debug|Any CPU = Debug|Any CPU
		Debug|x64 = Debug|x64
		Debug|x86 = Debug|x86
		Release|Any CPU = Release|Any CPU
		Release|x64 = Release|x64
		Release|x86 = Release|x86
	EndGlobalSection
	GlobalSection(ProjectConfigurationPlatforms) = postSolution
		{9BB9300C-FFBC-479D-A131-56E6D9DD6F0F}.Debug|Any CPU.ActiveCfg = Debug|Any CPU
		{9BB9300C-FFBC-479D-A131-56E6D9DD6F0F}.Debug|Any CPU.Build.0 = Debug|Any CPU
		{9BB9300C-FFBC-479D-A131-56E6D9DD6F0F}.Debug|x64.ActiveCfg = Debug|Any CPU
		{9BB9300C-FFBC-479D-A131-56E6D9DD6F0F}.Debug|x64.Build.0 = Debug|Any CPU
		{9BB9300C-FFBC-479D-A131-56E6D9DD6F0F}.Debug|x86.ActiveCfg = Debug|Any CPU
		{9BB9300C-FFBC-479D-A131-56E6D9DD6F0F}.Debug|x86.Build.0 = Debug|Any CPU
		{9BB9300C-FFBC-479D-A131-56E6D9DD6F0F}.Release|Any CPU.ActiveCfg = Release|Any CPU
		{9BB9300C-FFBC-479D-A131-56E6D9DD6F0F}.Release|Any CPU.Build.0 = Release|Any CPU
		{9BB9300C-FFBC-479D-A131-56E6D9DD6F0F}.Release|x64.ActiveCfg = Release|Any CPU
		{9BB9300C-FFBC-479D-A131-56E6D9DD6F0F}.Release|x64.Build.0 = Release|Any CPU
		{9BB9300C-FFBC-479D-A131-56E6D9DD6F0F}.Release|x86.ActiveCfg = Release|Any CPU
		{9BB9300C-FFBC-479D-A131-56E6D9DD6F0F}.Release|x86.Build.0 = Release|Any CPU
		{541F6A8F-FEE6-424F-8EA5-6B1DE1115659}.Debug|Any CPU.ActiveCfg = Debug|Any CPU
		{541F6A8F-FEE6-424F-8EA5-6B1DE1115659}.Debug|Any CPU.Build.0 = Debug|Any CPU
		{541F6A8F-FEE6-424F-8EA5-6B1DE1115659}.Debug|x64.ActiveCfg = Debug|Any CPU
		{541F6A8F-FEE6-424F-8EA5-6B1DE1115659}.Debug|x64.Build.0 = Debug|Any CPU
		{541F6A8F-FEE6-424F-8EA5-6B1DE1115659}.Debug|x86.ActiveCfg = Debug|Any CPU
		{541F6A8F-FEE6-424F-8EA5-6B1DE1115659}.Debug|x86.Build.0 = Debug|Any CPU
		{541F6A8F-FEE6-424F-8EA5-6B1DE1115659}.Release|Any CPU.ActiveCfg = Release|Any CPU
		{541F6A8F-FEE6-424F-8EA5-6B1DE1115659}.Release|Any CPU.Build.0 = Release|Any CPU
		{541F6A8F-FEE6-424F-8EA5-6B1DE1115659}.Release|x64.ActiveCfg = Release|Any CPU
		{541F6A8F-FEE6-424F-8EA5-6B1DE1115659}.Release|x64.Build.0 = Release|Any CPU
		{541F6A8F-FEE6-424F-8EA5-6B1DE1115659}.Release|x86.ActiveCfg = Release|Any CPU
		{541F6A8F-FEE6-424F-8EA5-6B1DE1115659}.Release|x86.Build.0 = Release|Any CPU
		{80735C8D-A87B-49E3-B7C0-91F0BCA0BF6D}.Debug|Any CPU.ActiveCfg = Debug|Any CPU
		{80735C8D-A87B-49E3-B7C0-91F0BCA0BF6D}.Debug|Any CPU.Build.0 = Debug|Any CPU
		{80735C8D-A87B-49E3-B7C0-91F0BCA0BF6D}.Debug|x64.ActiveCfg = Debug|Any CPU
		{80735C8D-A87B-49E3-B7C0-91F0BCA0BF6D}.Debug|x64.Build.0 = Debug|Any CPU
		{80735C8D-A87B-49E3-B7C0-91F0BCA0BF6D}.Debug|x86.ActiveCfg = Debug|Any CPU
		{80735C8D-A87B-49E3-B7C0-91F0BCA0BF6D}.Debug|x86.Build.0 = Debug|Any CPU
		{80735C8D-A87B-49E3-B7C0-91F0BCA0BF6D}.Release|Any CPU.ActiveCfg = Release|Any CPU
		{80735C8D-A87B-49E3-B7C0-91F0BCA0BF6D}.Release|Any CPU.Build.0 = Release|Any CPU
		{80735C8D-A87B-49E3-B7C0-91F0BCA0BF6D}.Release|x64.ActiveCfg = Release|Any CPU
		{80735C8D-A87B-49E3-B7C0-91F0BCA0BF6D}.Release|x64.Build.0 = Release|Any CPU
		{80735C8D-A87B-49E3-B7C0-91F0BCA0BF6D}.Release|x86.ActiveCfg = Release|Any CPU
		{80735C8D-A87B-49E3-B7C0-91F0BCA0BF6D}.Release|x86.Build.0 = Release|Any CPU
		{1BD82395-ED1B-48D8-B066-79E46749F43A}.Debug|Any CPU.ActiveCfg = Debug|Any CPU
		{1BD82395-ED1B-48D8-B066-79E46749F43A}.Debug|Any CPU.Build.0 = Debug|Any CPU
		{1BD82395-ED1B-48D8-B066-79E46749F43A}.Debug|x64.ActiveCfg = Debug|Any CPU
		{1BD82395-ED1B-48D8-B066-79E46749F43A}.Debug|x64.Build.0 = Debug|Any CPU
		{1BD82395-ED1B-48D8-B066-79E46749F43A}.Debug|x86.ActiveCfg = Debug|Any CPU
		{1BD82395-ED1B-48D8-B066-79E46749F43A}.Debug|x86.Build.0 = Debug|Any CPU
		{1BD82395-ED1B-48D8-B066-79E46749F43A}.Release|Any CPU.ActiveCfg = Release|Any CPU
		{1BD82395-ED1B-48D8-B066-79E46749F43A}.Release|Any CPU.Build.0 = Release|Any CPU
		{1BD82395-ED1B-48D8-B066-79E46749F43A}.Release|x64.ActiveCfg = Release|Any CPU
		{1BD82395-ED1B-48D8-B066-79E46749F43A}.Release|x64.Build.0 = Release|Any CPU
		{1BD82395-ED1B-48D8-B066-79E46749F43A}.Release|x86.ActiveCfg = Release|Any CPU
		{1BD82395-ED1B-48D8-B066-79E46749F43A}.Release|x86.Build.0 = Release|Any CPU
		{B114A646-459B-46CB-904D-9B8707EFEAB2}.Debug|Any CPU.ActiveCfg = Debug|Any CPU
		{B114A646-459B-46CB-904D-9B8707EFEAB2}.Debug|Any CPU.Build.0 = Debug|Any CPU
		{B114A646-459B-46CB-904D-9B8707EFEAB2}.Debug|x64.ActiveCfg = Debug|Any CPU
		{B114A646-459B-46CB-904D-9B8707EFEAB2}.Debug|x64.Build.0 = Debug|Any CPU
		{B114A646-459B-46CB-904D-9B8707EFEAB2}.Debug|x86.ActiveCfg = Debug|Any CPU
		{B114A646-459B-46CB-904D-9B8707EFEAB2}.Debug|x86.Build.0 = Debug|Any CPU
		{B114A646-459B-46CB-904D-9B8707EFEAB2}.Release|Any CPU.ActiveCfg = Release|Any CPU
		{B114A646-459B-46CB-904D-9B8707EFEAB2}.Release|Any CPU.Build.0 = Release|Any CPU
		{B114A646-459B-46CB-904D-9B8707EFEAB2}.Release|x64.ActiveCfg = Release|Any CPU
		{B114A646-459B-46CB-904D-9B8707EFEAB2}.Release|x64.Build.0 = Release|Any CPU
		{B114A646-459B-46CB-904D-9B8707EFEAB2}.Release|x86.ActiveCfg = Release|Any CPU
		{B114A646-459B-46CB-904D-9B8707EFEAB2}.Release|x86.Build.0 = Release|Any CPU
		{12F28801-3CA7-46A7-AF94-502F6623E0A0}.Debug|Any CPU.ActiveCfg = Debug|Any CPU
		{12F28801-3CA7-46A7-AF94-502F6623E0A0}.Debug|Any CPU.Build.0 = Debug|Any CPU
		{12F28801-3CA7-46A7-AF94-502F6623E0A0}.Debug|x64.ActiveCfg = Debug|Any CPU
		{12F28801-3CA7-46A7-AF94-502F6623E0A0}.Debug|x64.Build.0 = Debug|Any CPU
		{12F28801-3CA7-46A7-AF94-502F6623E0A0}.Debug|x86.ActiveCfg = Debug|Any CPU
		{12F28801-3CA7-46A7-AF94-502F6623E0A0}.Debug|x86.Build.0 = Debug|Any CPU
		{12F28801-3CA7-46A7-AF94-502F6623E0A0}.Release|Any CPU.ActiveCfg = Release|Any CPU
		{12F28801-3CA7-46A7-AF94-502F6623E0A0}.Release|Any CPU.Build.0 = Release|Any CPU
		{12F28801-3CA7-46A7-AF94-502F6623E0A0}.Release|x64.ActiveCfg = Release|Any CPU
		{12F28801-3CA7-46A7-AF94-502F6623E0A0}.Release|x64.Build.0 = Release|Any CPU
		{12F28801-3CA7-46A7-AF94-502F6623E0A0}.Release|x86.ActiveCfg = Release|Any CPU
		{12F28801-3CA7-46A7-AF94-502F6623E0A0}.Release|x86.Build.0 = Release|Any CPU
		{57BBA5F2-A380-4828-A97C-F3A794554078}.Debug|Any CPU.ActiveCfg = Debug|Any CPU
		{57BBA5F2-A380-4828-A97C-F3A794554078}.Debug|Any CPU.Build.0 = Debug|Any CPU
		{57BBA5F2-A380-4828-A97C-F3A794554078}.Debug|x64.ActiveCfg = Debug|Any CPU
		{57BBA5F2-A380-4828-A97C-F3A794554078}.Debug|x64.Build.0 = Debug|Any CPU
		{57BBA5F2-A380-4828-A97C-F3A794554078}.Debug|x86.ActiveCfg = Debug|Any CPU
		{57BBA5F2-A380-4828-A97C-F3A794554078}.Debug|x86.Build.0 = Debug|Any CPU
		{57BBA5F2-A380-4828-A97C-F3A794554078}.Release|Any CPU.ActiveCfg = Release|Any CPU
		{57BBA5F2-A380-4828-A97C-F3A794554078}.Release|Any CPU.Build.0 = Release|Any CPU
		{57BBA5F2-A380-4828-A97C-F3A794554078}.Release|x64.ActiveCfg = Release|Any CPU
		{57BBA5F2-A380-4828-A97C-F3A794554078}.Release|x64.Build.0 = Release|Any CPU
		{57BBA5F2-A380-4828-A97C-F3A794554078}.Release|x86.ActiveCfg = Release|Any CPU
		{57BBA5F2-A380-4828-A97C-F3A794554078}.Release|x86.Build.0 = Release|Any CPU
		{3CDC0534-F2EE-4F1F-9894-43481E2593E7}.Debug|Any CPU.ActiveCfg = Debug|Any CPU
		{3CDC0534-F2EE-4F1F-9894-43481E2593E7}.Debug|Any CPU.Build.0 = Debug|Any CPU
		{3CDC0534-F2EE-4F1F-9894-43481E2593E7}.Debug|x64.ActiveCfg = Debug|Any CPU
		{3CDC0534-F2EE-4F1F-9894-43481E2593E7}.Debug|x64.Build.0 = Debug|Any CPU
		{3CDC0534-F2EE-4F1F-9894-43481E2593E7}.Debug|x86.ActiveCfg = Debug|Any CPU
		{3CDC0534-F2EE-4F1F-9894-43481E2593E7}.Debug|x86.Build.0 = Debug|Any CPU
		{3CDC0534-F2EE-4F1F-9894-43481E2593E7}.Release|Any CPU.ActiveCfg = Release|Any CPU
		{3CDC0534-F2EE-4F1F-9894-43481E2593E7}.Release|Any CPU.Build.0 = Release|Any CPU
		{3CDC0534-F2EE-4F1F-9894-43481E2593E7}.Release|x64.ActiveCfg = Release|Any CPU
		{3CDC0534-F2EE-4F1F-9894-43481E2593E7}.Release|x64.Build.0 = Release|Any CPU
		{3CDC0534-F2EE-4F1F-9894-43481E2593E7}.Release|x86.ActiveCfg = Release|Any CPU
		{3CDC0534-F2EE-4F1F-9894-43481E2593E7}.Release|x86.Build.0 = Release|Any CPU
		{BBB11A70-6A83-443F-9D75-96FDDCD0D654}.Debug|Any CPU.ActiveCfg = Debug|Any CPU
		{BBB11A70-6A83-443F-9D75-96FDDCD0D654}.Debug|Any CPU.Build.0 = Debug|Any CPU
		{BBB11A70-6A83-443F-9D75-96FDDCD0D654}.Debug|x64.ActiveCfg = Debug|Any CPU
		{BBB11A70-6A83-443F-9D75-96FDDCD0D654}.Debug|x64.Build.0 = Debug|Any CPU
		{BBB11A70-6A83-443F-9D75-96FDDCD0D654}.Debug|x86.ActiveCfg = Debug|Any CPU
		{BBB11A70-6A83-443F-9D75-96FDDCD0D654}.Debug|x86.Build.0 = Debug|Any CPU
		{BBB11A70-6A83-443F-9D75-96FDDCD0D654}.Release|Any CPU.ActiveCfg = Release|Any CPU
		{BBB11A70-6A83-443F-9D75-96FDDCD0D654}.Release|Any CPU.Build.0 = Release|Any CPU
		{BBB11A70-6A83-443F-9D75-96FDDCD0D654}.Release|x64.ActiveCfg = Release|Any CPU
		{BBB11A70-6A83-443F-9D75-96FDDCD0D654}.Release|x64.Build.0 = Release|Any CPU
		{BBB11A70-6A83-443F-9D75-96FDDCD0D654}.Release|x86.ActiveCfg = Release|Any CPU
		{BBB11A70-6A83-443F-9D75-96FDDCD0D654}.Release|x86.Build.0 = Release|Any CPU
	EndGlobalSection
	GlobalSection(NestedProjects) = preSolution
		{B382A2DD-2A22-4E30-AF54-A39DA366EA4A} = {77ED9A64-20A6-4780-9853-BF48ACC1DDF1}
		{7BFCC270-7106-4E60-A0BB-37971FA80390} = {B382A2DD-2A22-4E30-AF54-A39DA366EA4A}
		{9BB9300C-FFBC-479D-A131-56E6D9DD6F0F} = {7BFCC270-7106-4E60-A0BB-37971FA80390}
		{541F6A8F-FEE6-424F-8EA5-6B1DE1115659} = {7BFCC270-7106-4E60-A0BB-37971FA80390}
		{D22C3402-F30B-4168-B4BC-30A70A2667A4} = {B382A2DD-2A22-4E30-AF54-A39DA366EA4A}
		{80735C8D-A87B-49E3-B7C0-91F0BCA0BF6D} = {D22C3402-F30B-4168-B4BC-30A70A2667A4}
		{1BD82395-ED1B-48D8-B066-79E46749F43A} = {D22C3402-F30B-4168-B4BC-30A70A2667A4}
		{E2C2FB72-4DEF-4F9E-90A8-0A36CBB2DEC7} = {77ED9A64-20A6-4780-9853-BF48ACC1DDF1}
		{B114A646-459B-46CB-904D-9B8707EFEAB2} = {E2C2FB72-4DEF-4F9E-90A8-0A36CBB2DEC7}
		{12F28801-3CA7-46A7-AF94-502F6623E0A0} = {E2C2FB72-4DEF-4F9E-90A8-0A36CBB2DEC7}
		{57BBA5F2-A380-4828-A97C-F3A794554078} = {E2C2FB72-4DEF-4F9E-90A8-0A36CBB2DEC7}
		{9554C179-5575-477B-95B4-1D82E3F37940} = {77ED9A64-20A6-4780-9853-BF48ACC1DDF1}
		{3CDC0534-F2EE-4F1F-9894-43481E2593E7} = {9554C179-5575-477B-95B4-1D82E3F37940}
		{76246D97-18A9-475B-901F-62A4C90E07F8} = {0B5E01A0-6593-4412-9DE3-6CDDC1B6305B}
		{CCE774F2-94BD-4E14-BB17-E718AB12E82F} = {76246D97-18A9-475B-901F-62A4C90E07F8}
		{BBB11A70-6A83-443F-9D75-96FDDCD0D654} = {CCE774F2-94BD-4E14-BB17-E718AB12E82F}
	EndGlobalSection
EndGlobal
